// !$*UTF8*$!
{
	archiveVersion = 1;
	classes = {
	};
	objectVersion = 56;
	objects = {

/* Begin PBXBuildFile section */
		6225F6392985F0D600984B2B /* PropertyList.plist in Resources */ = {isa = PBXBuildFile; fileRef = 6225F6382985F0D600984B2B /* PropertyList.plist */; };
		6225F63B2985F32C00984B2B /* StoreKitManager.swift in Sources */ = {isa = PBXBuildFile; fileRef = 6225F63A2985F32C00984B2B /* StoreKitManager.swift */; };
		628EF2562980DD90001AB563 /* KadiApp.swift in Sources */ = {isa = PBXBuildFile; fileRef = 628EF2552980DD90001AB563 /* KadiApp.swift */; };
		628EF25A2980DD92001AB563 /* Assets.xcassets in Resources */ = {isa = PBXBuildFile; fileRef = 628EF2592980DD92001AB563 /* Assets.xcassets */; };
		628EF25D2980DD92001AB563 /* Preview Assets.xcassets in Resources */ = {isa = PBXBuildFile; fileRef = 628EF25C2980DD92001AB563 /* Preview Assets.xcassets */; };
		628EF2692980E21F001AB563 /* Kadi.xcdatamodeld in Sources */ = {isa = PBXBuildFile; fileRef = 628EF2672980E21F001AB563 /* Kadi.xcdatamodeld */; };
		628EF26B2980E60E001AB563 /* Persistence.swift in Sources */ = {isa = PBXBuildFile; fileRef = 628EF26A2980E60E001AB563 /* Persistence.swift */; };
		628EF26D2980E6D7001AB563 /* DecksView.swift in Sources */ = {isa = PBXBuildFile; fileRef = 628EF26C2980E6D7001AB563 /* DecksView.swift */; };
		628EF26F2980E70E001AB563 /* DecksViewModel.swift in Sources */ = {isa = PBXBuildFile; fileRef = 628EF26E2980E70E001AB563 /* DecksViewModel.swift */; };
		628EF2712980E761001AB563 /* AddDeckViewModel.swift in Sources */ = {isa = PBXBuildFile; fileRef = 628EF2702980E761001AB563 /* AddDeckViewModel.swift */; };
		628EF2732980E78B001AB563 /* AddCardViewModel.swift in Sources */ = {isa = PBXBuildFile; fileRef = 628EF2722980E78B001AB563 /* AddCardViewModel.swift */; };
		628EF2752980E7AB001AB563 /* NoteViewModel.swift in Sources */ = {isa = PBXBuildFile; fileRef = 628EF2742980E7AB001AB563 /* NoteViewModel.swift */; };
		628EF2772980E816001AB563 /* AddDeckView.swift in Sources */ = {isa = PBXBuildFile; fileRef = 628EF2762980E816001AB563 /* AddDeckView.swift */; };
		628EF2792980E96A001AB563 /* AddCardView.swift in Sources */ = {isa = PBXBuildFile; fileRef = 628EF2782980E96A001AB563 /* AddCardView.swift */; };
		628EF27D2980EADA001AB563 /* NoteStackView.swift in Sources */ = {isa = PBXBuildFile; fileRef = 628EF27C2980EADA001AB563 /* NoteStackView.swift */; };
		628EF2802980ECEE001AB563 /* TextToSpeech.swift in Sources */ = {isa = PBXBuildFile; fileRef = 628EF27F2980ECED001AB563 /* TextToSpeech.swift */; };
		628EF2822980EEDB001AB563 /* NoteView.swift in Sources */ = {isa = PBXBuildFile; fileRef = 628EF2812980EEDB001AB563 /* NoteView.swift */; };
		628EF2842980F64F001AB563 /* NoteStackViewModel.swift in Sources */ = {isa = PBXBuildFile; fileRef = 628EF2832980F64F001AB563 /* NoteStackViewModel.swift */; };
		628EF28729814A7B001AB563 /* STHeiti-Light.ttc in Resources */ = {isa = PBXBuildFile; fileRef = 628EF28629814A7B001AB563 /* STHeiti-Light.ttc */; };
		62BEDC582992860E00DBEBB4 /* Launch Screen.storyboard in Resources */ = {isa = PBXBuildFile; fileRef = 62BEDC572992860E00DBEBB4 /* Launch Screen.storyboard */; };
		62FD86FC29822A940078EE5A /* DeckIconView.swift in Sources */ = {isa = PBXBuildFile; fileRef = 62FD86FB29822A940078EE5A /* DeckIconView.swift */; };
/* End PBXBuildFile section */

/* Begin PBXFileReference section */
		6225F6372985ECE100984B2B /* FullVersion.storekit */ = {isa = PBXFileReference; lastKnownFileType = text; path = FullVersion.storekit; sourceTree = "<group>"; };
		6225F6382985F0D600984B2B /* PropertyList.plist */ = {isa = PBXFileReference; lastKnownFileType = text.plist.xml; path = PropertyList.plist; sourceTree = "<group>"; };
		6225F63A2985F32C00984B2B /* StoreKitManager.swift */ = {isa = PBXFileReference; lastKnownFileType = sourcecode.swift; path = StoreKitManager.swift; sourceTree = "<group>"; };
		628EF2522980DD90001AB563 /* Kadi.app */ = {isa = PBXFileReference; explicitFileType = wrapper.application; includeInIndex = 0; path = Kadi.app; sourceTree = BUILT_PRODUCTS_DIR; };
		628EF2552980DD90001AB563 /* KadiApp.swift */ = {isa = PBXFileReference; lastKnownFileType = sourcecode.swift; path = KadiApp.swift; sourceTree = "<group>"; };
		628EF2592980DD92001AB563 /* Assets.xcassets */ = {isa = PBXFileReference; lastKnownFileType = folder.assetcatalog; path = Assets.xcassets; sourceTree = "<group>"; };
		628EF25C2980DD92001AB563 /* Preview Assets.xcassets */ = {isa = PBXFileReference; lastKnownFileType = folder.assetcatalog; path = "Preview Assets.xcassets"; sourceTree = "<group>"; };
		628EF2682980E21F001AB563 /* Kadi.xcdatamodel */ = {isa = PBXFileReference; lastKnownFileType = wrapper.xcdatamodel; path = Kadi.xcdatamodel; sourceTree = "<group>"; };
		628EF26A2980E60E001AB563 /* Persistence.swift */ = {isa = PBXFileReference; lastKnownFileType = sourcecode.swift; path = Persistence.swift; sourceTree = "<group>"; };
		628EF26C2980E6D7001AB563 /* DecksView.swift */ = {isa = PBXFileReference; lastKnownFileType = sourcecode.swift; path = DecksView.swift; sourceTree = "<group>"; };
		628EF26E2980E70E001AB563 /* DecksViewModel.swift */ = {isa = PBXFileReference; lastKnownFileType = sourcecode.swift; path = DecksViewModel.swift; sourceTree = "<group>"; };
		628EF2702980E761001AB563 /* AddDeckViewModel.swift */ = {isa = PBXFileReference; lastKnownFileType = sourcecode.swift; path = AddDeckViewModel.swift; sourceTree = "<group>"; };
		628EF2722980E78B001AB563 /* AddCardViewModel.swift */ = {isa = PBXFileReference; lastKnownFileType = sourcecode.swift; path = AddCardViewModel.swift; sourceTree = "<group>"; };
		628EF2742980E7AB001AB563 /* NoteViewModel.swift */ = {isa = PBXFileReference; lastKnownFileType = sourcecode.swift; path = NoteViewModel.swift; sourceTree = "<group>"; };
		628EF2762980E816001AB563 /* AddDeckView.swift */ = {isa = PBXFileReference; lastKnownFileType = sourcecode.swift; path = AddDeckView.swift; sourceTree = "<group>"; };
		628EF2782980E96A001AB563 /* AddCardView.swift */ = {isa = PBXFileReference; lastKnownFileType = sourcecode.swift; path = AddCardView.swift; sourceTree = "<group>"; };
		628EF27C2980EADA001AB563 /* NoteStackView.swift */ = {isa = PBXFileReference; lastKnownFileType = sourcecode.swift; path = NoteStackView.swift; sourceTree = "<group>"; };
		628EF27F2980ECED001AB563 /* TextToSpeech.swift */ = {isa = PBXFileReference; lastKnownFileType = sourcecode.swift; path = TextToSpeech.swift; sourceTree = "<group>"; };
		628EF2812980EEDB001AB563 /* NoteView.swift */ = {isa = PBXFileReference; lastKnownFileType = sourcecode.swift; path = NoteView.swift; sourceTree = "<group>"; };
		628EF2832980F64F001AB563 /* NoteStackViewModel.swift */ = {isa = PBXFileReference; lastKnownFileType = sourcecode.swift; path = NoteStackViewModel.swift; sourceTree = "<group>"; };
		628EF28629814A7B001AB563 /* STHeiti-Light.ttc */ = {isa = PBXFileReference; lastKnownFileType = file; path = "STHeiti-Light.ttc"; sourceTree = "<group>"; };
		628EF28829814AD0001AB563 /* Info.plist */ = {isa = PBXFileReference; lastKnownFileType = text.plist; path = Info.plist; sourceTree = "<group>"; };
		62BEDC572992860E00DBEBB4 /* Launch Screen.storyboard */ = {isa = PBXFileReference; lastKnownFileType = file.storyboard; path = "Launch Screen.storyboard"; sourceTree = "<group>"; };
		62FD86FB29822A940078EE5A /* DeckIconView.swift */ = {isa = PBXFileReference; lastKnownFileType = sourcecode.swift; path = DeckIconView.swift; sourceTree = "<group>"; };
/* End PBXFileReference section */

/* Begin PBXFrameworksBuildPhase section */
		628EF24F2980DD90001AB563 /* Frameworks */ = {
			isa = PBXFrameworksBuildPhase;
			buildActionMask = 2147483647;
			files = (
			);
			runOnlyForDeploymentPostprocessing = 0;
		};
/* End PBXFrameworksBuildPhase section */

/* Begin PBXGroup section */
		6225F6362985EC9E00984B2B /* StoreKit */ = {
			isa = PBXGroup;
			children = (
				6225F6372985ECE100984B2B /* FullVersion.storekit */,
				6225F6382985F0D600984B2B /* PropertyList.plist */,
				6225F63A2985F32C00984B2B /* StoreKitManager.swift */,
			);
			path = StoreKit;
			sourceTree = "<group>";
		};
		628EF2492980DD90001AB563 = {
			isa = PBXGroup;
			children = (
				628EF2542980DD90001AB563 /* Kadi */,
				628EF2532980DD90001AB563 /* Products */,
			);
			sourceTree = "<group>";
		};
		628EF2532980DD90001AB563 /* Products */ = {
			isa = PBXGroup;
			children = (
				628EF2522980DD90001AB563 /* Kadi.app */,
			);
			name = Products;
			sourceTree = "<group>";
		};
		628EF2542980DD90001AB563 /* Kadi */ = {
			isa = PBXGroup;
			children = (
				6225F6362985EC9E00984B2B /* StoreKit */,
				628EF28829814AD0001AB563 /* Info.plist */,
				628EF28529814A36001AB563 /* Fonts */,
				628EF27E2980ECBD001AB563 /* Utility */,
				628EF2662980E1FE001AB563 /* View */,
				628EF2652980E1E0001AB563 /* ViewModel */,
				628EF2642980E1D6001AB563 /* Data */,
				628EF2632980E1CB001AB563 /* App */,
				628EF2552980DD90001AB563 /* KadiApp.swift */,
				628EF2592980DD92001AB563 /* Assets.xcassets */,
				628EF25B2980DD92001AB563 /* Preview Content */,
				62BEDC572992860E00DBEBB4 /* Launch Screen.storyboard */,
			);
			path = Kadi;
			sourceTree = "<group>";
		};
		628EF25B2980DD92001AB563 /* Preview Content */ = {
			isa = PBXGroup;
			children = (
				628EF25C2980DD92001AB563 /* Preview Assets.xcassets */,
			);
			path = "Preview Content";
			sourceTree = "<group>";
		};
		628EF2632980E1CB001AB563 /* App */ = {
			isa = PBXGroup;
			children = (
				628EF26C2980E6D7001AB563 /* DecksView.swift */,
				628EF2782980E96A001AB563 /* AddCardView.swift */,
				628EF2762980E816001AB563 /* AddDeckView.swift */,
				628EF2812980EEDB001AB563 /* NoteView.swift */,
			);
			path = App;
			sourceTree = "<group>";
		};
		628EF2642980E1D6001AB563 /* Data */ = {
			isa = PBXGroup;
			children = (
				628EF2672980E21F001AB563 /* Kadi.xcdatamodeld */,
				628EF26A2980E60E001AB563 /* Persistence.swift */,
			);
			path = Data;
			sourceTree = "<group>";
		};
		628EF2652980E1E0001AB563 /* ViewModel */ = {
			isa = PBXGroup;
			children = (
				628EF26E2980E70E001AB563 /* DecksViewModel.swift */,
				628EF2702980E761001AB563 /* AddDeckViewModel.swift */,
				628EF2722980E78B001AB563 /* AddCardViewModel.swift */,
				628EF2742980E7AB001AB563 /* NoteViewModel.swift */,
				628EF2832980F64F001AB563 /* NoteStackViewModel.swift */,
			);
			path = ViewModel;
			sourceTree = "<group>";
		};
		628EF2662980E1FE001AB563 /* View */ = {
			isa = PBXGroup;
			children = (
				628EF27C2980EADA001AB563 /* NoteStackView.swift */,
				62FD86FB29822A940078EE5A /* DeckIconView.swift */,
			);
			path = View;
			sourceTree = "<group>";
		};
		628EF27E2980ECBD001AB563 /* Utility */ = {
			isa = PBXGroup;
			children = (
				628EF27F2980ECED001AB563 /* TextToSpeech.swift */,
			);
			path = Utility;
			sourceTree = "<group>";
		};
		628EF28529814A36001AB563 /* Fonts */ = {
			isa = PBXGroup;
			children = (
				628EF28629814A7B001AB563 /* STHeiti-Light.ttc */,
			);
			path = Fonts;
			sourceTree = "<group>";
		};
/* End PBXGroup section */

/* Begin PBXNativeTarget section */
		628EF2512980DD90001AB563 /* Kadi */ = {
			isa = PBXNativeTarget;
			buildConfigurationList = 628EF2602980DD92001AB563 /* Build configuration list for PBXNativeTarget "Kadi" */;
			buildPhases = (
				628EF24E2980DD90001AB563 /* Sources */,
				628EF24F2980DD90001AB563 /* Frameworks */,
				628EF2502980DD90001AB563 /* Resources */,
			);
			buildRules = (
			);
			dependencies = (
			);
			name = Kadi;
			productName = Kadi;
			productReference = 628EF2522980DD90001AB563 /* Kadi.app */;
			productType = "com.apple.product-type.application";
		};
/* End PBXNativeTarget section */

/* Begin PBXProject section */
		628EF24A2980DD90001AB563 /* Project object */ = {
			isa = PBXProject;
			attributes = {
				BuildIndependentTargetsInParallel = 1;
				LastSwiftUpdateCheck = 1420;
				LastUpgradeCheck = 1420;
				TargetAttributes = {
					628EF2512980DD90001AB563 = {
						CreatedOnToolsVersion = 14.2;
					};
				};
			};
			buildConfigurationList = 628EF24D2980DD90001AB563 /* Build configuration list for PBXProject "Kadi" */;
			compatibilityVersion = "Xcode 14.0";
			developmentRegion = en;
			hasScannedForEncodings = 0;
			knownRegions = (
				en,
				Base,
			);
			mainGroup = 628EF2492980DD90001AB563;
			productRefGroup = 628EF2532980DD90001AB563 /* Products */;
			projectDirPath = "";
			projectRoot = "";
			targets = (
				628EF2512980DD90001AB563 /* Kadi */,
			);
		};
/* End PBXProject section */

/* Begin PBXResourcesBuildPhase section */
		628EF2502980DD90001AB563 /* Resources */ = {
			isa = PBXResourcesBuildPhase;
			buildActionMask = 2147483647;
			files = (
				628EF28729814A7B001AB563 /* STHeiti-Light.ttc in Resources */,
				6225F6392985F0D600984B2B /* PropertyList.plist in Resources */,
				628EF25D2980DD92001AB563 /* Preview Assets.xcassets in Resources */,
				62BEDC582992860E00DBEBB4 /* Launch Screen.storyboard in Resources */,
				628EF25A2980DD92001AB563 /* Assets.xcassets in Resources */,
			);
			runOnlyForDeploymentPostprocessing = 0;
		};
/* End PBXResourcesBuildPhase section */

/* Begin PBXSourcesBuildPhase section */
		628EF24E2980DD90001AB563 /* Sources */ = {
			isa = PBXSourcesBuildPhase;
			buildActionMask = 2147483647;
			files = (
				6225F63B2985F32C00984B2B /* StoreKitManager.swift in Sources */,
				628EF2772980E816001AB563 /* AddDeckView.swift in Sources */,
				628EF2802980ECEE001AB563 /* TextToSpeech.swift in Sources */,
				628EF26F2980E70E001AB563 /* DecksViewModel.swift in Sources */,
				628EF2842980F64F001AB563 /* NoteStackViewModel.swift in Sources */,
				628EF26B2980E60E001AB563 /* Persistence.swift in Sources */,
				62FD86FC29822A940078EE5A /* DeckIconView.swift in Sources */,
				628EF2692980E21F001AB563 /* Kadi.xcdatamodeld in Sources */,
				628EF27D2980EADA001AB563 /* NoteStackView.swift in Sources */,
				628EF2792980E96A001AB563 /* AddCardView.swift in Sources */,
				628EF2712980E761001AB563 /* AddDeckViewModel.swift in Sources */,
				628EF2752980E7AB001AB563 /* NoteViewModel.swift in Sources */,
				628EF26D2980E6D7001AB563 /* DecksView.swift in Sources */,
				628EF2822980EEDB001AB563 /* NoteView.swift in Sources */,
				628EF2562980DD90001AB563 /* KadiApp.swift in Sources */,
				628EF2732980E78B001AB563 /* AddCardViewModel.swift in Sources */,
			);
			runOnlyForDeploymentPostprocessing = 0;
		};
/* End PBXSourcesBuildPhase section */

/* Begin XCBuildConfiguration section */
		628EF25E2980DD92001AB563 /* Debug */ = {
			isa = XCBuildConfiguration;
			buildSettings = {
				ALWAYS_SEARCH_USER_PATHS = NO;
				CLANG_ANALYZER_NONNULL = YES;
				CLANG_ANALYZER_NUMBER_OBJECT_CONVERSION = YES_AGGRESSIVE;
				CLANG_CXX_LANGUAGE_STANDARD = "gnu++20";
				CLANG_ENABLE_MODULES = YES;
				CLANG_ENABLE_OBJC_ARC = YES;
				CLANG_ENABLE_OBJC_WEAK = YES;
				CLANG_WARN_BLOCK_CAPTURE_AUTORELEASING = YES;
				CLANG_WARN_BOOL_CONVERSION = YES;
				CLANG_WARN_COMMA = YES;
				CLANG_WARN_CONSTANT_CONVERSION = YES;
				CLANG_WARN_DEPRECATED_OBJC_IMPLEMENTATIONS = YES;
				CLANG_WARN_DIRECT_OBJC_ISA_USAGE = YES_ERROR;
				CLANG_WARN_DOCUMENTATION_COMMENTS = YES;
				CLANG_WARN_EMPTY_BODY = YES;
				CLANG_WARN_ENUM_CONVERSION = YES;
				CLANG_WARN_INFINITE_RECURSION = YES;
				CLANG_WARN_INT_CONVERSION = YES;
				CLANG_WARN_NON_LITERAL_NULL_CONVERSION = YES;
				CLANG_WARN_OBJC_IMPLICIT_RETAIN_SELF = YES;
				CLANG_WARN_OBJC_LITERAL_CONVERSION = YES;
				CLANG_WARN_OBJC_ROOT_CLASS = YES_ERROR;
				CLANG_WARN_QUOTED_INCLUDE_IN_FRAMEWORK_HEADER = YES;
				CLANG_WARN_RANGE_LOOP_ANALYSIS = YES;
				CLANG_WARN_STRICT_PROTOTYPES = YES;
				CLANG_WARN_SUSPICIOUS_MOVE = YES;
				CLANG_WARN_UNGUARDED_AVAILABILITY = YES_AGGRESSIVE;
				CLANG_WARN_UNREACHABLE_CODE = YES;
				CLANG_WARN__DUPLICATE_METHOD_MATCH = YES;
				COPY_PHASE_STRIP = NO;
				DEBUG_INFORMATION_FORMAT = dwarf;
				ENABLE_STRICT_OBJC_MSGSEND = YES;
				ENABLE_TESTABILITY = YES;
				GCC_C_LANGUAGE_STANDARD = gnu11;
				GCC_DYNAMIC_NO_PIC = NO;
				GCC_NO_COMMON_BLOCKS = YES;
				GCC_OPTIMIZATION_LEVEL = 0;
				GCC_PREPROCESSOR_DEFINITIONS = (
					"DEBUG=1",
					"$(inherited)",
				);
				GCC_WARN_64_TO_32_BIT_CONVERSION = YES;
				GCC_WARN_ABOUT_RETURN_TYPE = YES_ERROR;
				GCC_WARN_UNDECLARED_SELECTOR = YES;
				GCC_WARN_UNINITIALIZED_AUTOS = YES_AGGRESSIVE;
				GCC_WARN_UNUSED_FUNCTION = YES;
				GCC_WARN_UNUSED_VARIABLE = YES;
				IPHONEOS_DEPLOYMENT_TARGET = 16.2;
				MTL_ENABLE_DEBUG_INFO = INCLUDE_SOURCE;
				MTL_FAST_MATH = YES;
				ONLY_ACTIVE_ARCH = YES;
				SDKROOT = iphoneos;
				SWIFT_ACTIVE_COMPILATION_CONDITIONS = DEBUG;
				SWIFT_OPTIMIZATION_LEVEL = "-Onone";
			};
			name = Debug;
		};
		628EF25F2980DD92001AB563 /* Release */ = {
			isa = XCBuildConfiguration;
			buildSettings = {
				ALWAYS_SEARCH_USER_PATHS = NO;
				CLANG_ANALYZER_NONNULL = YES;
				CLANG_ANALYZER_NUMBER_OBJECT_CONVERSION = YES_AGGRESSIVE;
				CLANG_CXX_LANGUAGE_STANDARD = "gnu++20";
				CLANG_ENABLE_MODULES = YES;
				CLANG_ENABLE_OBJC_ARC = YES;
				CLANG_ENABLE_OBJC_WEAK = YES;
				CLANG_WARN_BLOCK_CAPTURE_AUTORELEASING = YES;
				CLANG_WARN_BOOL_CONVERSION = YES;
				CLANG_WARN_COMMA = YES;
				CLANG_WARN_CONSTANT_CONVERSION = YES;
				CLANG_WARN_DEPRECATED_OBJC_IMPLEMENTATIONS = YES;
				CLANG_WARN_DIRECT_OBJC_ISA_USAGE = YES_ERROR;
				CLANG_WARN_DOCUMENTATION_COMMENTS = YES;
				CLANG_WARN_EMPTY_BODY = YES;
				CLANG_WARN_ENUM_CONVERSION = YES;
				CLANG_WARN_INFINITE_RECURSION = YES;
				CLANG_WARN_INT_CONVERSION = YES;
				CLANG_WARN_NON_LITERAL_NULL_CONVERSION = YES;
				CLANG_WARN_OBJC_IMPLICIT_RETAIN_SELF = YES;
				CLANG_WARN_OBJC_LITERAL_CONVERSION = YES;
				CLANG_WARN_OBJC_ROOT_CLASS = YES_ERROR;
				CLANG_WARN_QUOTED_INCLUDE_IN_FRAMEWORK_HEADER = YES;
				CLANG_WARN_RANGE_LOOP_ANALYSIS = YES;
				CLANG_WARN_STRICT_PROTOTYPES = YES;
				CLANG_WARN_SUSPICIOUS_MOVE = YES;
				CLANG_WARN_UNGUARDED_AVAILABILITY = YES_AGGRESSIVE;
				CLANG_WARN_UNREACHABLE_CODE = YES;
				CLANG_WARN__DUPLICATE_METHOD_MATCH = YES;
				COPY_PHASE_STRIP = NO;
				DEBUG_INFORMATION_FORMAT = "dwarf-with-dsym";
				ENABLE_NS_ASSERTIONS = NO;
				ENABLE_STRICT_OBJC_MSGSEND = YES;
				GCC_C_LANGUAGE_STANDARD = gnu11;
				GCC_NO_COMMON_BLOCKS = YES;
				GCC_WARN_64_TO_32_BIT_CONVERSION = YES;
				GCC_WARN_ABOUT_RETURN_TYPE = YES_ERROR;
				GCC_WARN_UNDECLARED_SELECTOR = YES;
				GCC_WARN_UNINITIALIZED_AUTOS = YES_AGGRESSIVE;
				GCC_WARN_UNUSED_FUNCTION = YES;
				GCC_WARN_UNUSED_VARIABLE = YES;
				IPHONEOS_DEPLOYMENT_TARGET = 16.2;
				MTL_ENABLE_DEBUG_INFO = NO;
				MTL_FAST_MATH = YES;
				SDKROOT = iphoneos;
				SWIFT_COMPILATION_MODE = wholemodule;
				SWIFT_OPTIMIZATION_LEVEL = "-O";
				VALIDATE_PRODUCT = YES;
			};
			name = Release;
		};
		628EF2612980DD92001AB563 /* Debug */ = {
			isa = XCBuildConfiguration;
			buildSettings = {
				ASSETCATALOG_COMPILER_APPICON_NAME = AppIcon;
				ASSETCATALOG_COMPILER_GLOBAL_ACCENT_COLOR_NAME = AccentColor;
				CODE_SIGN_STYLE = Automatic;
				CURRENT_PROJECT_VERSION = 1;
				DEVELOPMENT_ASSET_PATHS = "\"Kadi/Preview Content\"";
				DEVELOPMENT_TEAM = KHAQRXX59T;
				ENABLE_PREVIEWS = YES;
				GENERATE_INFOPLIST_FILE = YES;
				INFOPLIST_FILE = Kadi/Info.plist;
				INFOPLIST_KEY_CFBundleDisplayName = Kadi;
				INFOPLIST_KEY_LSApplicationCategoryType = "public.app-category.education";
				INFOPLIST_KEY_UIApplicationSceneManifest_Generation = YES;
				INFOPLIST_KEY_UIApplicationSupportsIndirectInputEvents = YES;
				INFOPLIST_KEY_UILaunchScreen_Generation = YES;
				INFOPLIST_KEY_UILaunchStoryboardName = "Launch Screen.storyboard";
				INFOPLIST_KEY_UISupportedInterfaceOrientations = UIInterfaceOrientationPortrait;
				LD_RUNPATH_SEARCH_PATHS = (
					"$(inherited)",
					"@executable_path/Frameworks",
				);
				MARKETING_VERSION = 1.0;
				PRODUCT_BUNDLE_IDENTIFIER = "IOS-Dev.Kadi";
				PRODUCT_NAME = "$(TARGET_NAME)";
				SUPPORTED_PLATFORMS = "iphoneos iphonesimulator";
				SUPPORTS_MACCATALYST = NO;
				SUPPORTS_MAC_DESIGNED_FOR_IPHONE_IPAD = NO;
				SWIFT_EMIT_LOC_STRINGS = YES;
				SWIFT_VERSION = 5.0;
				TARGETED_DEVICE_FAMILY = 1;
			};
			name = Debug;
		};
		628EF2622980DD92001AB563 /* Release */ = {
			isa = XCBuildConfiguration;
			buildSettings = {
				ASSETCATALOG_COMPILER_APPICON_NAME = AppIcon;
				ASSETCATALOG_COMPILER_GLOBAL_ACCENT_COLOR_NAME = AccentColor;
				CODE_SIGN_STYLE = Automatic;
				CURRENT_PROJECT_VERSION = 1;
				DEVELOPMENT_ASSET_PATHS = "\"Kadi/Preview Content\"";
				DEVELOPMENT_TEAM = KHAQRXX59T;
				ENABLE_PREVIEWS = YES;
				GENERATE_INFOPLIST_FILE = YES;
				INFOPLIST_FILE = Kadi/Info.plist;
				INFOPLIST_KEY_CFBundleDisplayName = Kadi;
				INFOPLIST_KEY_LSApplicationCategoryType = "public.app-category.education";
				INFOPLIST_KEY_UIApplicationSceneManifest_Generation = YES;
				INFOPLIST_KEY_UIApplicationSupportsIndirectInputEvents = YES;
				INFOPLIST_KEY_UILaunchScreen_Generation = YES;
				INFOPLIST_KEY_UILaunchStoryboardName = "Launch Screen.storyboard";
				INFOPLIST_KEY_UISupportedInterfaceOrientations = UIInterfaceOrientationPortrait;
				LD_RUNPATH_SEARCH_PATHS = (
					"$(inherited)",
					"@executable_path/Frameworks",
				);
				MARKETING_VERSION = 1.0;
				PRODUCT_BUNDLE_IDENTIFIER = "IOS-Dev.Kadi";
				PRODUCT_NAME = "$(TARGET_NAME)";
				SUPPORTED_PLATFORMS = "iphoneos iphonesimulator";
				SUPPORTS_MACCATALYST = NO;
				SUPPORTS_MAC_DESIGNED_FOR_IPHONE_IPAD = NO;
				SWIFT_EMIT_LOC_STRINGS = YES;
				SWIFT_VERSION = 5.0;
				TARGETED_DEVICE_FAMILY = 1;
			};
			name = Release;
		};
/* End XCBuildConfiguration section */

/* Begin XCConfigurationList section */
		628EF24D2980DD90001AB563 /* Build configuration list for PBXProject "Kadi" */ = {
			isa = XCConfigurationList;
			buildConfigurations = (
				628EF25E2980DD92001AB563 /* Debug */,
				628EF25F2980DD92001AB563 /* Release */,
			);
			defaultConfigurationIsVisible = 0;
			defaultConfigurationName = Release;
		};
		628EF2602980DD92001AB563 /* Build configuration list for PBXNativeTarget "Kadi" */ = {
			isa = XCConfigurationList;
			buildConfigurations = (
				628EF2612980DD92001AB563 /* Debug */,
				628EF2622980DD92001AB563 /* Release */,
			);
			defaultConfigurationIsVisible = 0;
			defaultConfigurationName = Release;
		};
/* End XCConfigurationList section */

/* Begin XCVersionGroup section */
		628EF2672980E21F001AB563 /* Kadi.xcdatamodeld */ = {
			isa = XCVersionGroup;
			children = (
				628EF2682980E21F001AB563 /* Kadi.xcdatamodel */,
			);
			currentVersion = 628EF2682980E21F001AB563 /* Kadi.xcdatamodel */;
			path = Kadi.xcdatamodeld;
			sourceTree = "<group>";
			versionGroupType = wrapper.xcdatamodel;
		};
/* End XCVersionGroup section */
	};
	rootObject = 628EF24A2980DD90001AB563 /* Project object */;
}
